// !$*UTF8*$!
{
	archiveVersion = 1;
	classes = {
	};
	objectVersion = 46;
	objects = {

/* Begin PBXBuildFile section */
		3466353B1CE68B510003A21C /* main.m in Sources */ = {isa = PBXBuildFile; fileRef = 3466353A1CE68B510003A21C /* main.m */; };
		3466353E1CE68B510003A21C /* AppDelegate.m in Sources */ = {isa = PBXBuildFile; fileRef = 3466353D1CE68B510003A21C /* AppDelegate.m */; };
		346635411CE68B510003A21C /* ViewController.m in Sources */ = {isa = PBXBuildFile; fileRef = 346635401CE68B510003A21C /* ViewController.m */; };
		346635441CE68B510003A21C /* Main.storyboard in Resources */ = {isa = PBXBuildFile; fileRef = 346635421CE68B510003A21C /* Main.storyboard */; };
		346635461CE68B510003A21C /* Assets.xcassets in Resources */ = {isa = PBXBuildFile; fileRef = 346635451CE68B510003A21C /* Assets.xcassets */; };
		346635491CE68B510003A21C /* LaunchScreen.storyboard in Resources */ = {isa = PBXBuildFile; fileRef = 346635471CE68B510003A21C /* LaunchScreen.storyboard */; };
		346635541CE68B510003A21C /* TestAppIOSTests.m in Sources */ = {isa = PBXBuildFile; fileRef = 346635531CE68B510003A21C /* TestAppIOSTests.m */; };
		3466355F1CE68B510003A21C /* TestAppIOSUITests.m in Sources */ = {isa = PBXBuildFile; fileRef = 3466355E1CE68B510003A21C /* TestAppIOSUITests.m */; };
/* End PBXBuildFile section */

/* Begin PBXContainerItemProxy section */
		346635501CE68B510003A21C /* PBXContainerItemProxy */ = {
			isa = PBXContainerItemProxy;
			containerPortal = 3466352E1CE68B510003A21C /* Project object */;
			proxyType = 1;
			remoteGlobalIDString = 346635351CE68B510003A21C;
			remoteInfo = TestAppIOS;
		};
		3466355B1CE68B510003A21C /* PBXContainerItemProxy */ = {
			isa = PBXContainerItemProxy;
			containerPortal = 3466352E1CE68B510003A21C /* Project object */;
			proxyType = 1;
			remoteGlobalIDString = 346635351CE68B510003A21C;
			remoteInfo = TestAppIOS;
		};
/* End PBXContainerItemProxy section */

/* Begin PBXFileReference section */
		346635361CE68B510003A21C /* TestAppIOS.app */ = {isa = PBXFileReference; explicitFileType = wrapper.application; includeInIndex = 0; path = TestAppIOS.app; sourceTree = BUILT_PRODUCTS_DIR; };
		3466353A1CE68B510003A21C /* main.m */ = {isa = PBXFileReference; lastKnownFileType = sourcecode.c.objc; path = main.m; sourceTree = "<group>"; };
		3466353C1CE68B510003A21C /* AppDelegate.h */ = {isa = PBXFileReference; lastKnownFileType = sourcecode.c.h; path = AppDelegate.h; sourceTree = "<group>"; };
		3466353D1CE68B510003A21C /* AppDelegate.m */ = {isa = PBXFileReference; lastKnownFileType = sourcecode.c.objc; path = AppDelegate.m; sourceTree = "<group>"; };
		3466353F1CE68B510003A21C /* ViewController.h */ = {isa = PBXFileReference; lastKnownFileType = sourcecode.c.h; path = ViewController.h; sourceTree = "<group>"; };
		346635401CE68B510003A21C /* ViewController.m */ = {isa = PBXFileReference; lastKnownFileType = sourcecode.c.objc; path = ViewController.m; sourceTree = "<group>"; };
		346635431CE68B510003A21C /* Base */ = {isa = PBXFileReference; lastKnownFileType = file.storyboard; name = Base; path = Base.lproj/Main.storyboard; sourceTree = "<group>"; };
		346635451CE68B510003A21C /* Assets.xcassets */ = {isa = PBXFileReference; lastKnownFileType = folder.assetcatalog; path = Assets.xcassets; sourceTree = "<group>"; };
		346635481CE68B510003A21C /* Base */ = {isa = PBXFileReference; lastKnownFileType = file.storyboard; name = Base; path = Base.lproj/LaunchScreen.storyboard; sourceTree = "<group>"; };
		3466354A1CE68B510003A21C /* Info.plist */ = {isa = PBXFileReference; lastKnownFileType = text.plist.xml; path = Info.plist; sourceTree = "<group>"; };
		3466354F1CE68B510003A21C /* TestAppIOSTests.xctest */ = {isa = PBXFileReference; explicitFileType = wrapper.cfbundle; includeInIndex = 0; path = TestAppIOSTests.xctest; sourceTree = BUILT_PRODUCTS_DIR; };
		346635531CE68B510003A21C /* TestAppIOSTests.m */ = {isa = PBXFileReference; lastKnownFileType = sourcecode.c.objc; path = TestAppIOSTests.m; sourceTree = "<group>"; };
		346635551CE68B510003A21C /* Info.plist */ = {isa = PBXFileReference; lastKnownFileType = text.plist.xml; path = Info.plist; sourceTree = "<group>"; };
		3466355A1CE68B510003A21C /* TestAppIOSUITests.xctest */ = {isa = PBXFileReference; explicitFileType = wrapper.cfbundle; includeInIndex = 0; path = TestAppIOSUITests.xctest; sourceTree = BUILT_PRODUCTS_DIR; };
		3466355E1CE68B510003A21C /* TestAppIOSUITests.m */ = {isa = PBXFileReference; lastKnownFileType = sourcecode.c.objc; path = TestAppIOSUITests.m; sourceTree = "<group>"; };
		346635601CE68B510003A21C /* Info.plist */ = {isa = PBXFileReference; lastKnownFileType = text.plist.xml; path = Info.plist; sourceTree = "<group>"; };
/* End PBXFileReference section */

/* Begin PBXFrameworksBuildPhase section */
		346635331CE68B510003A21C /* Frameworks */ = {
			isa = PBXFrameworksBuildPhase;
			buildActionMask = 2147483647;
			files = (
			);
			runOnlyForDeploymentPostprocessing = 0;
		};
		3466354C1CE68B510003A21C /* Frameworks */ = {
			isa = PBXFrameworksBuildPhase;
			buildActionMask = 2147483647;
			files = (
			);
			runOnlyForDeploymentPostprocessing = 0;
		};
		346635571CE68B510003A21C /* Frameworks */ = {
			isa = PBXFrameworksBuildPhase;
			buildActionMask = 2147483647;
			files = (
			);
			runOnlyForDeploymentPostprocessing = 0;
		};
/* End PBXFrameworksBuildPhase section */

/* Begin PBXGroup section */
		3466352D1CE68B510003A21C = {
			isa = PBXGroup;
			children = (
				346635381CE68B510003A21C /* TestAppIOS */,
				346635521CE68B510003A21C /* TestAppIOSTests */,
				3466355D1CE68B510003A21C /* TestAppIOSUITests */,
				346635371CE68B510003A21C /* Products */,
			);
			sourceTree = "<group>";
		};
		346635371CE68B510003A21C /* Products */ = {
			isa = PBXGroup;
			children = (
				346635361CE68B510003A21C /* TestAppIOS.app */,
				3466354F1CE68B510003A21C /* TestAppIOSTests.xctest */,
				3466355A1CE68B510003A21C /* TestAppIOSUITests.xctest */,
			);
			name = Products;
			sourceTree = "<group>";
		};
		346635381CE68B510003A21C /* TestAppIOS */ = {
			isa = PBXGroup;
			children = (
				3466353C1CE68B510003A21C /* AppDelegate.h */,
				3466353D1CE68B510003A21C /* AppDelegate.m */,
				3466353F1CE68B510003A21C /* ViewController.h */,
				346635401CE68B510003A21C /* ViewController.m */,
				346635421CE68B510003A21C /* Main.storyboard */,
				346635451CE68B510003A21C /* Assets.xcassets */,
				346635471CE68B510003A21C /* LaunchScreen.storyboard */,
				3466354A1CE68B510003A21C /* Info.plist */,
				346635391CE68B510003A21C /* Supporting Files */,
			);
			path = TestAppIOS;
			sourceTree = "<group>";
		};
		346635391CE68B510003A21C /* Supporting Files */ = {
			isa = PBXGroup;
			children = (
				3466353A1CE68B510003A21C /* main.m */,
			);
			name = "Supporting Files";
			sourceTree = "<group>";
		};
		346635521CE68B510003A21C /* TestAppIOSTests */ = {
			isa = PBXGroup;
			children = (
				346635531CE68B510003A21C /* TestAppIOSTests.m */,
				346635551CE68B510003A21C /* Info.plist */,
			);
			path = TestAppIOSTests;
			sourceTree = "<group>";
		};
		3466355D1CE68B510003A21C /* TestAppIOSUITests */ = {
			isa = PBXGroup;
			children = (
				3466355E1CE68B510003A21C /* TestAppIOSUITests.m */,
				346635601CE68B510003A21C /* Info.plist */,
			);
			path = TestAppIOSUITests;
			sourceTree = "<group>";
		};
/* End PBXGroup section */

/* Begin PBXNativeTarget section */
		346635351CE68B510003A21C /* TestAppIOS */ = {
			isa = PBXNativeTarget;
			buildConfigurationList = 346635631CE68B510003A21C /* Build configuration list for PBXNativeTarget "TestAppIOS" */;
			buildPhases = (
				346635321CE68B510003A21C /* Sources */,
				346635331CE68B510003A21C /* Frameworks */,
				346635341CE68B510003A21C /* Resources */,
			);
			buildRules = (
			);
			dependencies = (
			);
			name = TestAppIOS;
			productName = TestAppIOS;
			productReference = 346635361CE68B510003A21C /* TestAppIOS.app */;
			productType = "com.apple.product-type.application";
		};
		3466354E1CE68B510003A21C /* TestAppIOSTests */ = {
			isa = PBXNativeTarget;
			buildConfigurationList = 346635661CE68B510003A21C /* Build configuration list for PBXNativeTarget "TestAppIOSTests" */;
			buildPhases = (
				3466354B1CE68B510003A21C /* Sources */,
				3466354C1CE68B510003A21C /* Frameworks */,
				3466354D1CE68B510003A21C /* Resources */,
			);
			buildRules = (
			);
			dependencies = (
				346635511CE68B510003A21C /* PBXTargetDependency */,
			);
			name = TestAppIOSTests;
			productName = TestAppIOSTests;
			productReference = 3466354F1CE68B510003A21C /* TestAppIOSTests.xctest */;
			productType = "com.apple.product-type.bundle.unit-test";
		};
		346635591CE68B510003A21C /* TestAppIOSUITests */ = {
			isa = PBXNativeTarget;
			buildConfigurationList = 346635691CE68B510003A21C /* Build configuration list for PBXNativeTarget "TestAppIOSUITests" */;
			buildPhases = (
				346635561CE68B510003A21C /* Sources */,
				346635571CE68B510003A21C /* Frameworks */,
				346635581CE68B510003A21C /* Resources */,
			);
			buildRules = (
			);
			dependencies = (
				3466355C1CE68B510003A21C /* PBXTargetDependency */,
			);
			name = TestAppIOSUITests;
			productName = TestAppIOSUITests;
			productReference = 3466355A1CE68B510003A21C /* TestAppIOSUITests.xctest */;
			productType = "com.apple.product-type.bundle.ui-testing";
		};
/* End PBXNativeTarget section */

/* Begin PBXProject section */
		3466352E1CE68B510003A21C /* Project object */ = {
			isa = PBXProject;
			attributes = {
				LastUpgradeCheck = 0730;
				ORGANIZATIONNAME = "Zal Machado";
				TargetAttributes = {
					346635351CE68B510003A21C = {
						CreatedOnToolsVersion = 7.3.1;
						DevelopmentTeam = L4FET847JL;
					};
					3466354E1CE68B510003A21C = {
						CreatedOnToolsVersion = 7.3.1;
						TestTargetID = 346635351CE68B510003A21C;
					};
					346635591CE68B510003A21C = {
						CreatedOnToolsVersion = 7.3.1;
						TestTargetID = 346635351CE68B510003A21C;
					};
				};
			};
			buildConfigurationList = 346635311CE68B510003A21C /* Build configuration list for PBXProject "TestAppIOS" */;
			compatibilityVersion = "Xcode 3.2";
			developmentRegion = English;
			hasScannedForEncodings = 0;
			knownRegions = (
				en,
				Base,
			);
			mainGroup = 3466352D1CE68B510003A21C;
			productRefGroup = 346635371CE68B510003A21C /* Products */;
			projectDirPath = "";
			projectRoot = "";
			targets = (
				346635351CE68B510003A21C /* TestAppIOS */,
				3466354E1CE68B510003A21C /* TestAppIOSTests */,
				346635591CE68B510003A21C /* TestAppIOSUITests */,
			);
		};
/* End PBXProject section */

/* Begin PBXResourcesBuildPhase section */
		346635341CE68B510003A21C /* Resources */ = {
			isa = PBXResourcesBuildPhase;
			buildActionMask = 2147483647;
			files = (
				346635491CE68B510003A21C /* LaunchScreen.storyboard in Resources */,
				346635461CE68B510003A21C /* Assets.xcassets in Resources */,
				346635441CE68B510003A21C /* Main.storyboard in Resources */,
			);
			runOnlyForDeploymentPostprocessing = 0;
		};
		3466354D1CE68B510003A21C /* Resources */ = {
			isa = PBXResourcesBuildPhase;
			buildActionMask = 2147483647;
			files = (
			);
			runOnlyForDeploymentPostprocessing = 0;
		};
		346635581CE68B510003A21C /* Resources */ = {
			isa = PBXResourcesBuildPhase;
			buildActionMask = 2147483647;
			files = (
			);
			runOnlyForDeploymentPostprocessing = 0;
		};
/* End PBXResourcesBuildPhase section */

/* Begin PBXSourcesBuildPhase section */
		346635321CE68B510003A21C /* Sources */ = {
			isa = PBXSourcesBuildPhase;
			buildActionMask = 2147483647;
			files = (
				346635411CE68B510003A21C /* ViewController.m in Sources */,
				3466353E1CE68B510003A21C /* AppDelegate.m in Sources */,
				3466353B1CE68B510003A21C /* main.m in Sources */,
			);
			runOnlyForDeploymentPostprocessing = 0;
		};
		3466354B1CE68B510003A21C /* Sources */ = {
			isa = PBXSourcesBuildPhase;
			buildActionMask = 2147483647;
			files = (
				346635541CE68B510003A21C /* TestAppIOSTests.m in Sources */,
			);
			runOnlyForDeploymentPostprocessing = 0;
		};
		346635561CE68B510003A21C /* Sources */ = {
			isa = PBXSourcesBuildPhase;
			buildActionMask = 2147483647;
			files = (
				3466355F1CE68B510003A21C /* TestAppIOSUITests.m in Sources */,
			);
			runOnlyForDeploymentPostprocessing = 0;
		};
/* End PBXSourcesBuildPhase section */

/* Begin PBXTargetDependency section */
		346635511CE68B510003A21C /* PBXTargetDependency */ = {
			isa = PBXTargetDependency;
			target = 346635351CE68B510003A21C /* TestAppIOS */;
			targetProxy = 346635501CE68B510003A21C /* PBXContainerItemProxy */;
		};
		3466355C1CE68B510003A21C /* PBXTargetDependency */ = {
			isa = PBXTargetDependency;
			target = 346635351CE68B510003A21C /* TestAppIOS */;
			targetProxy = 3466355B1CE68B510003A21C /* PBXContainerItemProxy */;
		};
/* End PBXTargetDependency section */

/* Begin PBXVariantGroup section */
		346635421CE68B510003A21C /* Main.storyboard */ = {
			isa = PBXVariantGroup;
			children = (
				346635431CE68B510003A21C /* Base */,
			);
			name = Main.storyboard;
			sourceTree = "<group>";
		};
		346635471CE68B510003A21C /* LaunchScreen.storyboard */ = {
			isa = PBXVariantGroup;
			children = (
				346635481CE68B510003A21C /* Base */,
			);
			name = LaunchScreen.storyboard;
			sourceTree = "<group>";
		};
/* End PBXVariantGroup section */

/* Begin XCBuildConfiguration section */
		346635611CE68B510003A21C /* Debug */ = {
			isa = XCBuildConfiguration;
			buildSettings = {
				ALWAYS_SEARCH_USER_PATHS = NO;
				CLANG_ANALYZER_NONNULL = YES;
				CLANG_CXX_LANGUAGE_STANDARD = "gnu++0x";
				CLANG_CXX_LIBRARY = "libc++";
				CLANG_ENABLE_MODULES = YES;
				CLANG_ENABLE_OBJC_ARC = YES;
				CLANG_WARN_BOOL_CONVERSION = YES;
				CLANG_WARN_CONSTANT_CONVERSION = YES;
				CLANG_WARN_DIRECT_OBJC_ISA_USAGE = YES_ERROR;
				CLANG_WARN_EMPTY_BODY = YES;
				CLANG_WARN_ENUM_CONVERSION = YES;
				CLANG_WARN_INT_CONVERSION = YES;
				CLANG_WARN_OBJC_ROOT_CLASS = YES_ERROR;
				CLANG_WARN_UNREACHABLE_CODE = YES;
				CLANG_WARN__DUPLICATE_METHOD_MATCH = YES;
				"CODE_SIGN_IDENTITY[sdk=iphoneos*]" = "iPhone Developer";
				COPY_PHASE_STRIP = NO;
				DEBUG_INFORMATION_FORMAT = dwarf;
				ENABLE_STRICT_OBJC_MSGSEND = YES;
				ENABLE_TESTABILITY = YES;
				GCC_C_LANGUAGE_STANDARD = gnu99;
				GCC_DYNAMIC_NO_PIC = NO;
				GCC_NO_COMMON_BLOCKS = YES;
				GCC_OPTIMIZATION_LEVEL = 0;
				GCC_PREPROCESSOR_DEFINITIONS = (
					"DEBUG=1",
					"$(inherited)",
				);
				GCC_WARN_64_TO_32_BIT_CONVERSION = YES;
				GCC_WARN_ABOUT_RETURN_TYPE = YES_ERROR;
				GCC_WARN_UNDECLARED_SELECTOR = YES;
				GCC_WARN_UNINITIALIZED_AUTOS = YES_AGGRESSIVE;
				GCC_WARN_UNUSED_FUNCTION = YES;
				GCC_WARN_UNUSED_VARIABLE = YES;
				IPHONEOS_DEPLOYMENT_TARGET = 9.3;
				MTL_ENABLE_DEBUG_INFO = YES;
				ONLY_ACTIVE_ARCH = YES;
				SDKROOT = iphoneos;
				TARGETED_DEVICE_FAMILY = "1,2";
			};
			name = Debug;
		};
		346635621CE68B510003A21C /* Release */ = {
			isa = XCBuildConfiguration;
			buildSettings = {
				ALWAYS_SEARCH_USER_PATHS = NO;
				CLANG_ANALYZER_NONNULL = YES;
				CLANG_CXX_LANGUAGE_STANDARD = "gnu++0x";
				CLANG_CXX_LIBRARY = "libc++";
				CLANG_ENABLE_MODULES = YES;
				CLANG_ENABLE_OBJC_ARC = YES;
				CLANG_WARN_BOOL_CONVERSION = YES;
				CLANG_WARN_CONSTANT_CONVERSION = YES;
				CLANG_WARN_DIRECT_OBJC_ISA_USAGE = YES_ERROR;
				CLANG_WARN_EMPTY_BODY = YES;
				CLANG_WARN_ENUM_CONVERSION = YES;
				CLANG_WARN_INT_CONVERSION = YES;
				CLANG_WARN_OBJC_ROOT_CLASS = YES_ERROR;
				CLANG_WARN_UNREACHABLE_CODE = YES;
				CLANG_WARN__DUPLICATE_METHOD_MATCH = YES;
				"CODE_SIGN_IDENTITY[sdk=iphoneos*]" = "iPhone Developer";
				COPY_PHASE_STRIP = NO;
				DEBUG_INFORMATION_FORMAT = "dwarf-with-dsym";
				ENABLE_NS_ASSERTIONS = NO;
				ENABLE_STRICT_OBJC_MSGSEND = YES;
				GCC_C_LANGUAGE_STANDARD = gnu99;
				GCC_NO_COMMON_BLOCKS = YES;
				GCC_WARN_64_TO_32_BIT_CONVERSION = YES;
				GCC_WARN_ABOUT_RETURN_TYPE = YES_ERROR;
				GCC_WARN_UNDECLARED_SELECTOR = YES;
				GCC_WARN_UNINITIALIZED_AUTOS = YES_AGGRESSIVE;
				GCC_WARN_UNUSED_FUNCTION = YES;
				GCC_WARN_UNUSED_VARIABLE = YES;
				IPHONEOS_DEPLOYMENT_TARGET = 9.3;
				MTL_ENABLE_DEBUG_INFO = NO;
				SDKROOT = iphoneos;
				TARGETED_DEVICE_FAMILY = "1,2";
				VALIDATE_PRODUCT = YES;
			};
			name = Release;
		};
		346635641CE68B510003A21C /* Debug */ = {
			isa = XCBuildConfiguration;
			buildSettings = {
				ASSETCATALOG_COMPILER_APPICON_NAME = AppIcon;
				CODE_SIGN_IDENTITY = "iPhone Developer";
				INFOPLIST_FILE = TestAppIOS/Info.plist;
				LD_RUNPATH_SEARCH_PATHS = "$(inherited) @executable_path/Frameworks";
				PRODUCT_BUNDLE_IDENTIFIER = buddybuild.TestAppIOS;
				PRODUCT_NAME = "$(TARGET_NAME)";
			};
			name = Debug;
		};
		346635651CE68B510003A21C /* Release */ = {
			isa = XCBuildConfiguration;
			buildSettings = {
				ASSETCATALOG_COMPILER_APPICON_NAME = AppIcon;
				CODE_SIGN_IDENTITY = "iPhone Developer";
				INFOPLIST_FILE = TestAppIOS/Info.plist;
				LD_RUNPATH_SEARCH_PATHS = "$(inherited) @executable_path/Frameworks";
				PRODUCT_BUNDLE_IDENTIFIER = buddybuild.TestAppIOS;
				PRODUCT_NAME = "$(TARGET_NAME)";
			};
			name = Release;
		};
		346635671CE68B510003A21C /* Debug */ = {
			isa = XCBuildConfiguration;
			buildSettings = {
				BUNDLE_LOADER = "$(TEST_HOST)";
				INFOPLIST_FILE = TestAppIOSTests/Info.plist;
				LD_RUNPATH_SEARCH_PATHS = "$(inherited) @executable_path/Frameworks @loader_path/Frameworks";
				PRODUCT_BUNDLE_IDENTIFIER = buddybuild.TestAppIOSTests;
				PRODUCT_NAME = "$(TARGET_NAME)";
				TEST_HOST = "$(BUILT_PRODUCTS_DIR)/TestAppIOS.app/TestAppIOS";
			};
			name = Debug;
		};
		346635681CE68B510003A21C /* Release */ = {
			isa = XCBuildConfiguration;
			buildSettings = {
				BUNDLE_LOADER = "$(TEST_HOST)";
				INFOPLIST_FILE = TestAppIOSTests/Info.plist;
				LD_RUNPATH_SEARCH_PATHS = "$(inherited) @executable_path/Frameworks @loader_path/Frameworks";
				PRODUCT_BUNDLE_IDENTIFIER = buddybuild.TestAppIOSTests;
				PRODUCT_NAME = "$(TARGET_NAME)";
				TEST_HOST = "$(BUILT_PRODUCTS_DIR)/TestAppIOS.app/TestAppIOS";
			};
			name = Release;
		};
		3466356A1CE68B510003A21C /* Debug */ = {
			isa = XCBuildConfiguration;
			buildSettings = {
				INFOPLIST_FILE = TestAppIOSUITests/Info.plist;
				LD_RUNPATH_SEARCH_PATHS = "$(inherited) @executable_path/Frameworks @loader_path/Frameworks";
				PRODUCT_BUNDLE_IDENTIFIER = buddybuild.TestAppIOSUITests;
				PRODUCT_NAME = "$(TARGET_NAME)";
				TEST_TARGET_NAME = TestAppIOS;
			};
			name = Debug;
		};
		3466356B1CE68B510003A21C /* Release */ = {
			isa = XCBuildConfiguration;
			buildSettings = {
				INFOPLIST_FILE = TestAppIOSUITests/Info.plist;
				LD_RUNPATH_SEARCH_PATHS = "$(inherited) @executable_path/Frameworks @loader_path/Frameworks";
				PRODUCT_BUNDLE_IDENTIFIER = buddybuild.TestAppIOSUITests;
				PRODUCT_NAME = "$(TARGET_NAME)";
				TEST_TARGET_NAME = TestAppIOS;
			};
			name = Release;
		};
/* End XCBuildConfiguration section */

/* Begin XCConfigurationList section */
		346635311CE68B510003A21C /* Build configuration list for PBXProject "TestAppIOS" */ = {
			isa = XCConfigurationList;
			buildConfigurations = (
				346635611CE68B510003A21C /* Debug */,
				346635621CE68B510003A21C /* Release */,
			);
			defaultConfigurationIsVisible = 0;
			defaultConfigurationName = Release;
		};
		346635631CE68B510003A21C /* Build configuration list for PBXNativeTarget "TestAppIOS" */ = {
			isa = XCConfigurationList;
			buildConfigurations = (
				346635641CE68B510003A21C /* Debug */,
				346635651CE68B510003A21C /* Release */,
			);
			defaultConfigurationIsVisible = 0;
		};
		346635661CE68B510003A21C /* Build configuration list for PBXNativeTarget "TestAppIOSTests" */ = {
			isa = XCConfigurationList;
			buildConfigurations = (
				346635671CE68B510003A21C /* Debug */,
				346635681CE68B510003A21C /* Release */,
			);
			defaultConfigurationIsVisible = 0;
		};
		346635691CE68B510003A21C /* Build configuration list for PBXNativeTarget "TestAppIOSUITests" */ = {
			isa = XCConfigurationList;
			buildConfigurations = (
				3466356A1CE68B510003A21C /* Debug */,
				3466356B1CE68B510003A21C /* Release */,
			);
			defaultConfigurationIsVisible = 0;
		};
/* End XCConfigurationList section */
	};
	rootObject = 3466352E1CE68B510003A21C /* Project object */;
}
